github.com/tagol-org/dev v0.0.0-20220706145927-cb6b47016df8 h1:Tk0kX7oNcrvS78XLsWce5Sa80mINoJ9loIS6oh+GIW0=
github.com/tagol-org/dev v0.0.0-20220706145927-cb6b47016df8/go.mod h1:oaU6pGjPuoX1rIs6xhOtMlBYB767R7oDFh36t/08To8=
github.com/tagol-org/dev v0.1.0 h1:S7Du5LCsbHWaFuL/oXx8ZXU3T4Kdw1KMya6MpctTXrY=
github.com/tagol-org/dev v0.1.0/go.mod h1:oaU6pGjPuoX1rIs6xhOtMlBYB767R7oDFh36t/08To8=
